
Microsoft Visual Studio Solution File, Format Version 12.00
# Visual Studio 15
VisualStudioVersion = 15.0.27703.2035
MinimumVisualStudioVersion = 10.0.40219.1
Project("{FAE04EC0-301F-11D3-BF4B-00C04F79EFBC}") = "ToneHouseMvc", "ToneHouseMvc\ToneHouseMvc.csproj", "{72B94B8C-0429-4707-85EE-1BE718905FE2}"
EndProject
Global
	GlobalSection(SolutionConfigurationPlatforms) = preSolution
		Debug|Any CPU = Debug|Any CPU
		Release|Any CPU = Release|Any CPU
	EndGlobalSection
	GlobalSection(ProjectConfigurationPlatforms) = postSolution
		{72B94B8C-0429-4707-85EE-1BE718905FE2}.Debug|Any CPU.ActiveCfg = Debug|Any CPU
		{72B94B8C-0429-4707-85EE-1BE718905FE2}.Debug|Any CPU.Build.0 = Debug|Any CPU
		{72B94B8C-0429-4707-85EE-1BE718905FE2}.Release|Any CPU.ActiveCfg = Release|Any CPU
		{72B94B8C-0429-4707-85EE-1BE718905FE2}.Release|Any CPU.Build.0 = Release|Any CPU
	EndGlobalSection
	GlobalSection(SolutionProperties) = preSolution
		HideSolutionNode = FALSE
	EndGlobalSection
	GlobalSection(ExtensibilityGlobals) = postSolution
		SolutionGuid = {40C0D30A-45C1-45AE-8679-24C1A8915BD5}
	EndGlobalSection
EndGlobal
